
Microsoft Visual Studio Solution File, Format Version 12.00
# Visual Studio Version 17
VisualStudioVersion = 17.14.36623.8
MinimumVisualStudioVersion = 10.0.40219.1
Project("{FAE04EC0-301F-11D3-BF4B-00C04F79EFBC}") = "calc", "calc.csproj", "{F98E8BE5-8BEE-4F5C-9C76-73D0C3BB0D87}"
EndProject
Project("{FAE04EC0-301F-11D3-BF4B-00C04F79EFBC}") = "CalcLibrary", "..\calc.core\CalcLibrary.csproj", "{1FB038D5-A9C4-4780-91FD-F8BE6006991A}"
EndProject
Project("{FAE04EC0-301F-11D3-BF4B-00C04F79EFBC}") = "CalcLibrary.Tests", "..\CalcLibrary.Tests\CalcLibrary.Tests.csproj", "{87980383-EE98-4DBE-A3BA-6F2634F35970}"
EndProject
Global
	GlobalSection(SolutionConfigurationPlatforms) = preSolution
		Debug|Any CPU = Debug|Any CPU
		Release|Any CPU = Release|Any CPU
	EndGlobalSection
	GlobalSection(ProjectConfigurationPlatforms) = postSolution
		{F98E8BE5-8BEE-4F5C-9C76-73D0C3BB0D87}.Debug|Any CPU.ActiveCfg = Debug|Any CPU
		{F98E8BE5-8BEE-4F5C-9C76-73D0C3BB0D87}.Debug|Any CPU.Build.0 = Debug|Any CPU
		{F98E8BE5-8BEE-4F5C-9C76-73D0C3BB0D87}.Release|Any CPU.ActiveCfg = Release|Any CPU
		{F98E8BE5-8BEE-4F5C-9C76-73D0C3BB0D87}.Release|Any CPU.Build.0 = Release|Any CPU
		{1FB038D5-A9C4-4780-91FD-F8BE6006991A}.Debug|Any CPU.ActiveCfg = Debug|Any CPU
		{1FB038D5-A9C4-4780-91FD-F8BE6006991A}.Debug|Any CPU.Build.0 = Debug|Any CPU
		{1FB038D5-A9C4-4780-91FD-F8BE6006991A}.Release|Any CPU.ActiveCfg = Release|Any CPU
		{1FB038D5-A9C4-4780-91FD-F8BE6006991A}.Release|Any CPU.Build.0 = Release|Any CPU
		{87980383-EE98-4DBE-A3BA-6F2634F35970}.Debug|Any CPU.ActiveCfg = Debug|Any CPU
		{87980383-EE98-4DBE-A3BA-6F2634F35970}.Debug|Any CPU.Build.0 = Debug|Any CPU
		{87980383-EE98-4DBE-A3BA-6F2634F35970}.Release|Any CPU.ActiveCfg = Release|Any CPU
		{87980383-EE98-4DBE-A3BA-6F2634F35970}.Release|Any CPU.Build.0 = Release|Any CPU
	EndGlobalSection
	GlobalSection(SolutionProperties) = preSolution
		HideSolutionNode = FALSE
	EndGlobalSection
	GlobalSection(ExtensibilityGlobals) = postSolution
		SolutionGuid = {B549A4E6-8BDE-493A-89ED-6A369E847429}
	EndGlobalSection
EndGlobal
